
Microsoft Visual Studio Solution File, Format Version 12.00
# Visual Studio Version 16
VisualStudioVersion = 16.0.30804.86
MinimumVisualStudioVersion = 10.0.40219.1
Project("{FAE04EC0-301F-11D3-BF4B-00C04F79EFBC}") = "Home work_Loops", "Home work_Loops\Home work_Loops.csproj", "{C03F2C11-9566-460F-BBCA-5F713CBA5B2E}"
EndProject
Global
	GlobalSection(SolutionConfigurationPlatforms) = preSolution
		Debug|Any CPU = Debug|Any CPU
		Release|Any CPU = Release|Any CPU
	EndGlobalSection
	GlobalSection(ProjectConfigurationPlatforms) = postSolution
		{C03F2C11-9566-460F-BBCA-5F713CBA5B2E}.Debug|Any CPU.ActiveCfg = Debug|Any CPU
		{C03F2C11-9566-460F-BBCA-5F713CBA5B2E}.Debug|Any CPU.Build.0 = Debug|Any CPU
		{C03F2C11-9566-460F-BBCA-5F713CBA5B2E}.Release|Any CPU.ActiveCfg = Release|Any CPU
		{C03F2C11-9566-460F-BBCA-5F713CBA5B2E}.Release|Any CPU.Build.0 = Release|Any CPU
	EndGlobalSection
	GlobalSection(SolutionProperties) = preSolution
		HideSolutionNode = FALSE
	EndGlobalSection
	GlobalSection(ExtensibilityGlobals) = postSolution
		SolutionGuid = {DE435AE6-C1A3-4B35-A94D-ED9DCAFB17F0}
	EndGlobalSection
EndGlobal
